{
  "name": "hw3",
  "version": "1.0.0",
  "lockfileVersion": 3,
  "requires": true,
  "packages": {
    "": {
      "name": "hw3",
      "version": "1.0.0",
      "license": "ISC",
      "dependencies": {
        "@wleeto/ajs": "^1.0.1"
      }
    },
    "node_modules/@wleeto/ajs": {
      "version": "1.0.1",
      "resolved": "https://npm.pkg.github.com/download/@wleeto/ajs/1.0.1/b4c35f642848b8dfb8c2738310c1fbec6d3c69e7",
      "integrity": "sha512-wNEEEaYrIspXalYQqp5Kb20EQVNBY4ZRKR+H2Bv1biE/UJ/ujYeF2qh5zby5WR+JCDfLxr4vbnMKmNekuYc2pA==",
      "license": "ISC"
    }
  }
}
